// !$*UTF8*$!
{
	archiveVersion = 1;
	classes = {
	};
	objectVersion = 56;
	objects = {

/* Begin PBXBuildFile section */
		184776762B88A30A00B99A9F /* StarGazrApp.swift in Sources */ = {isa = PBXBuildFile; fileRef = 184776752B88A30A00B99A9F /* StarGazrApp.swift */; };
		184776782B88A30A00B99A9F /* HomeView.swift in Sources */ = {isa = PBXBuildFile; fileRef = 184776772B88A30A00B99A9F /* HomeView.swift */; };
		1847767A2B88A30B00B99A9F /* Assets.xcassets in Resources */ = {isa = PBXBuildFile; fileRef = 184776792B88A30B00B99A9F /* Assets.xcassets */; };
		1847767D2B88A30B00B99A9F /* Preview Assets.xcassets in Resources */ = {isa = PBXBuildFile; fileRef = 1847767C2B88A30B00B99A9F /* Preview Assets.xcassets */; };
		184776872B88A30B00B99A9F /* StarGazrTests.swift in Sources */ = {isa = PBXBuildFile; fileRef = 184776862B88A30B00B99A9F /* StarGazrTests.swift */; };
		184776912B88A30B00B99A9F /* StarGazrUITests.swift in Sources */ = {isa = PBXBuildFile; fileRef = 184776902B88A30B00B99A9F /* StarGazrUITests.swift */; };
		184776932B88A30B00B99A9F /* StarGazrUITestsLaunchTests.swift in Sources */ = {isa = PBXBuildFile; fileRef = 184776922B88A30B00B99A9F /* StarGazrUITestsLaunchTests.swift */; };
		18C9D74E2B8E5F8700D448C0 /* APIModel.swift in Sources */ = {isa = PBXBuildFile; fileRef = 18C9D74D2B8E5F8700D448C0 /* APIModel.swift */; };
		18C9D7502B8E5FA300D448C0 /* APIViewModel.swift in Sources */ = {isa = PBXBuildFile; fileRef = 18C9D74F2B8E5FA300D448C0 /* APIViewModel.swift */; };
		18C9D7522B8F31E200D448C0 /* FavouritesView.swift in Sources */ = {isa = PBXBuildFile; fileRef = 18C9D7512B8F31E200D448C0 /* FavouritesView.swift */; };
/* End PBXBuildFile section */

/* Begin PBXContainerItemProxy section */
		184776832B88A30B00B99A9F /* PBXContainerItemProxy */ = {
			isa = PBXContainerItemProxy;
			containerPortal = 1847766A2B88A30A00B99A9F /* Project object */;
			proxyType = 1;
			remoteGlobalIDString = 184776712B88A30A00B99A9F;
			remoteInfo = StarGazr;
		};
		1847768D2B88A30B00B99A9F /* PBXContainerItemProxy */ = {
			isa = PBXContainerItemProxy;
			containerPortal = 1847766A2B88A30A00B99A9F /* Project object */;
			proxyType = 1;
			remoteGlobalIDString = 184776712B88A30A00B99A9F;
			remoteInfo = StarGazr;
		};
/* End PBXContainerItemProxy section */

/* Begin PBXFileReference section */
		184776722B88A30A00B99A9F /* StarGazr.app */ = {isa = PBXFileReference; explicitFileType = wrapper.application; includeInIndex = 0; path = StarGazr.app; sourceTree = BUILT_PRODUCTS_DIR; };
		184776752B88A30A00B99A9F /* StarGazrApp.swift */ = {isa = PBXFileReference; lastKnownFileType = sourcecode.swift; path = StarGazrApp.swift; sourceTree = "<group>"; };
		184776772B88A30A00B99A9F /* HomeView.swift */ = {isa = PBXFileReference; lastKnownFileType = sourcecode.swift; path = HomeView.swift; sourceTree = "<group>"; };
		184776792B88A30B00B99A9F /* Assets.xcassets */ = {isa = PBXFileReference; lastKnownFileType = folder.assetcatalog; path = Assets.xcassets; sourceTree = "<group>"; };
		1847767C2B88A30B00B99A9F /* Preview Assets.xcassets */ = {isa = PBXFileReference; lastKnownFileType = folder.assetcatalog; path = "Preview Assets.xcassets"; sourceTree = "<group>"; };
		184776822B88A30B00B99A9F /* StarGazrTests.xctest */ = {isa = PBXFileReference; explicitFileType = wrapper.cfbundle; includeInIndex = 0; path = StarGazrTests.xctest; sourceTree = BUILT_PRODUCTS_DIR; };
		184776862B88A30B00B99A9F /* StarGazrTests.swift */ = {isa = PBXFileReference; lastKnownFileType = sourcecode.swift; path = StarGazrTests.swift; sourceTree = "<group>"; };
		1847768C2B88A30B00B99A9F /* StarGazrUITests.xctest */ = {isa = PBXFileReference; explicitFileType = wrapper.cfbundle; includeInIndex = 0; path = StarGazrUITests.xctest; sourceTree = BUILT_PRODUCTS_DIR; };
		184776902B88A30B00B99A9F /* StarGazrUITests.swift */ = {isa = PBXFileReference; lastKnownFileType = sourcecode.swift; path = StarGazrUITests.swift; sourceTree = "<group>"; };
		184776922B88A30B00B99A9F /* StarGazrUITestsLaunchTests.swift */ = {isa = PBXFileReference; lastKnownFileType = sourcecode.swift; path = StarGazrUITestsLaunchTests.swift; sourceTree = "<group>"; };
		18C9D74D2B8E5F8700D448C0 /* APIModel.swift */ = {isa = PBXFileReference; lastKnownFileType = sourcecode.swift; path = APIModel.swift; sourceTree = "<group>"; };
		18C9D74F2B8E5FA300D448C0 /* APIViewModel.swift */ = {isa = PBXFileReference; lastKnownFileType = sourcecode.swift; path = APIViewModel.swift; sourceTree = "<group>"; };
		18C9D7512B8F31E200D448C0 /* FavouritesView.swift */ = {isa = PBXFileReference; lastKnownFileType = sourcecode.swift; path = FavouritesView.swift; sourceTree = "<group>"; };
/* End PBXFileReference section */

/* Begin PBXFrameworksBuildPhase section */
		1847766F2B88A30A00B99A9F /* Frameworks */ = {
			isa = PBXFrameworksBuildPhase;
			buildActionMask = 2147483647;
			files = (
			);
			runOnlyForDeploymentPostprocessing = 0;
		};
		1847767F2B88A30B00B99A9F /* Frameworks */ = {
			isa = PBXFrameworksBuildPhase;
			buildActionMask = 2147483647;
			files = (
			);
			runOnlyForDeploymentPostprocessing = 0;
		};
		184776892B88A30B00B99A9F /* Frameworks */ = {
			isa = PBXFrameworksBuildPhase;
			buildActionMask = 2147483647;
			files = (
			);
			runOnlyForDeploymentPostprocessing = 0;
		};
/* End PBXFrameworksBuildPhase section */

/* Begin PBXGroup section */
		184776692B88A30A00B99A9F = {
			isa = PBXGroup;
			children = (
				184776742B88A30A00B99A9F /* StarGazr */,
				184776852B88A30B00B99A9F /* StarGazrTests */,
				1847768F2B88A30B00B99A9F /* StarGazrUITests */,
				184776732B88A30A00B99A9F /* Products */,
			);
			sourceTree = "<group>";
		};
		184776732B88A30A00B99A9F /* Products */ = {
			isa = PBXGroup;
			children = (
				184776722B88A30A00B99A9F /* StarGazr.app */,
				184776822B88A30B00B99A9F /* StarGazrTests.xctest */,
				1847768C2B88A30B00B99A9F /* StarGazrUITests.xctest */,
			);
			name = Products;
			sourceTree = "<group>";
		};
		184776742B88A30A00B99A9F /* StarGazr */ = {
			isa = PBXGroup;
			children = (
				18C9D74C2B8E5D1200D448C0 /* ViewModel */,
				184776A42B88A70500B99A9F /* Resources */,
				184776A12B88A50800B99A9F /* View */,
				1847769F2B88A4F500B99A9F /* Model */,
			);
			path = StarGazr;
			sourceTree = "<group>";
		};
		1847767B2B88A30B00B99A9F /* Preview Content */ = {
			isa = PBXGroup;
			children = (
				1847767C2B88A30B00B99A9F /* Preview Assets.xcassets */,
			);
			path = "Preview Content";
			sourceTree = "<group>";
		};
		184776852B88A30B00B99A9F /* StarGazrTests */ = {
			isa = PBXGroup;
			children = (
				184776862B88A30B00B99A9F /* StarGazrTests.swift */,
			);
			path = StarGazrTests;
			sourceTree = "<group>";
		};
		1847768F2B88A30B00B99A9F /* StarGazrUITests */ = {
			isa = PBXGroup;
			children = (
				184776902B88A30B00B99A9F /* StarGazrUITests.swift */,
				184776922B88A30B00B99A9F /* StarGazrUITestsLaunchTests.swift */,
			);
			path = StarGazrUITests;
			sourceTree = "<group>";
		};
		1847769F2B88A4F500B99A9F /* Model */ = {
			isa = PBXGroup;
			children = (
				18C9D74D2B8E5F8700D448C0 /* APIModel.swift */,
			);
			path = Model;
			sourceTree = "<group>";
		};
		184776A12B88A50800B99A9F /* View */ = {
			isa = PBXGroup;
			children = (
				184776772B88A30A00B99A9F /* HomeView.swift */,
				184776A22B88A67D00B99A9F /* Components */,
				18C9D7512B8F31E200D448C0 /* FavouritesView.swift */,
			);
			path = View;
			sourceTree = "<group>";
		};
		184776A22B88A67D00B99A9F /* Components */ = {
			isa = PBXGroup;
			children = (
			);
			path = Components;
			sourceTree = "<group>";
		};
		184776A42B88A70500B99A9F /* Resources */ = {
			isa = PBXGroup;
			children = (
				184776792B88A30B00B99A9F /* Assets.xcassets */,
				1847767B2B88A30B00B99A9F /* Preview Content */,
				184776752B88A30A00B99A9F /* StarGazrApp.swift */,
			);
			name = Resources;
			sourceTree = "<group>";
		};
		18C9D74C2B8E5D1200D448C0 /* ViewModel */ = {
			isa = PBXGroup;
			children = (
				18C9D74F2B8E5FA300D448C0 /* APIViewModel.swift */,
			);
			path = ViewModel;
			sourceTree = "<group>";
		};
/* End PBXGroup section */

/* Begin PBXNativeTarget section */
		184776712B88A30A00B99A9F /* StarGazr */ = {
			isa = PBXNativeTarget;
			buildConfigurationList = 184776962B88A30B00B99A9F /* Build configuration list for PBXNativeTarget "StarGazr" */;
			buildPhases = (
				1847766E2B88A30A00B99A9F /* Sources */,
				1847766F2B88A30A00B99A9F /* Frameworks */,
				184776702B88A30A00B99A9F /* Resources */,
			);
			buildRules = (
			);
			dependencies = (
			);
			name = StarGazr;
			productName = StarGazr;
			productReference = 184776722B88A30A00B99A9F /* StarGazr.app */;
			productType = "com.apple.product-type.application";
		};
		184776812B88A30B00B99A9F /* StarGazrTests */ = {
			isa = PBXNativeTarget;
			buildConfigurationList = 184776992B88A30B00B99A9F /* Build configuration list for PBXNativeTarget "StarGazrTests" */;
			buildPhases = (
				1847767E2B88A30B00B99A9F /* Sources */,
				1847767F2B88A30B00B99A9F /* Frameworks */,
				184776802B88A30B00B99A9F /* Resources */,
			);
			buildRules = (
			);
			dependencies = (
				184776842B88A30B00B99A9F /* PBXTargetDependency */,
			);
			name = StarGazrTests;
			productName = StarGazrTests;
			productReference = 184776822B88A30B00B99A9F /* StarGazrTests.xctest */;
			productType = "com.apple.product-type.bundle.unit-test";
		};
		1847768B2B88A30B00B99A9F /* StarGazrUITests */ = {
			isa = PBXNativeTarget;
			buildConfigurationList = 1847769C2B88A30B00B99A9F /* Build configuration list for PBXNativeTarget "StarGazrUITests" */;
			buildPhases = (
				184776882B88A30B00B99A9F /* Sources */,
				184776892B88A30B00B99A9F /* Frameworks */,
				1847768A2B88A30B00B99A9F /* Resources */,
			);
			buildRules = (
			);
			dependencies = (
				1847768E2B88A30B00B99A9F /* PBXTargetDependency */,
			);
			name = StarGazrUITests;
			productName = StarGazrUITests;
			productReference = 1847768C2B88A30B00B99A9F /* StarGazrUITests.xctest */;
			productType = "com.apple.product-type.bundle.ui-testing";
		};
/* End PBXNativeTarget section */

/* Begin PBXProject section */
		1847766A2B88A30A00B99A9F /* Project object */ = {
			isa = PBXProject;
			attributes = {
				BuildIndependentTargetsInParallel = 1;
				LastSwiftUpdateCheck = 1520;
				LastUpgradeCheck = 1520;
				TargetAttributes = {
					184776712B88A30A00B99A9F = {
						CreatedOnToolsVersion = 15.2;
					};
					184776812B88A30B00B99A9F = {
						CreatedOnToolsVersion = 15.2;
						TestTargetID = 184776712B88A30A00B99A9F;
					};
					1847768B2B88A30B00B99A9F = {
						CreatedOnToolsVersion = 15.2;
						TestTargetID = 184776712B88A30A00B99A9F;
					};
				};
			};
			buildConfigurationList = 1847766D2B88A30A00B99A9F /* Build configuration list for PBXProject "StarGazr" */;
			compatibilityVersion = "Xcode 14.0";
			developmentRegion = en;
			hasScannedForEncodings = 0;
			knownRegions = (
				en,
				Base,
			);
			mainGroup = 184776692B88A30A00B99A9F;
			productRefGroup = 184776732B88A30A00B99A9F /* Products */;
			projectDirPath = "";
			projectRoot = "";
			targets = (
				184776712B88A30A00B99A9F /* StarGazr */,
				184776812B88A30B00B99A9F /* StarGazrTests */,
				1847768B2B88A30B00B99A9F /* StarGazrUITests */,
			);
		};
/* End PBXProject section */

/* Begin PBXResourcesBuildPhase section */
		184776702B88A30A00B99A9F /* Resources */ = {
			isa = PBXResourcesBuildPhase;
			buildActionMask = 2147483647;
			files = (
				1847767D2B88A30B00B99A9F /* Preview Assets.xcassets in Resources */,
				1847767A2B88A30B00B99A9F /* Assets.xcassets in Resources */,
			);
			runOnlyForDeploymentPostprocessing = 0;
		};
		184776802B88A30B00B99A9F /* Resources */ = {
			isa = PBXResourcesBuildPhase;
			buildActionMask = 2147483647;
			files = (
			);
			runOnlyForDeploymentPostprocessing = 0;
		};
		1847768A2B88A30B00B99A9F /* Resources */ = {
			isa = PBXResourcesBuildPhase;
			buildActionMask = 2147483647;
			files = (
			);
			runOnlyForDeploymentPostprocessing = 0;
		};
/* End PBXResourcesBuildPhase section */

/* Begin PBXSourcesBuildPhase section */
		1847766E2B88A30A00B99A9F /* Sources */ = {
			isa = PBXSourcesBuildPhase;
			buildActionMask = 2147483647;
			files = (
				184776782B88A30A00B99A9F /* HomeView.swift in Sources */,
				18C9D74E2B8E5F8700D448C0 /* APIModel.swift in Sources */,
				184776762B88A30A00B99A9F /* StarGazrApp.swift in Sources */,
				18C9D7522B8F31E200D448C0 /* FavouritesView.swift in Sources */,
				18C9D7502B8E5FA300D448C0 /* APIViewModel.swift in Sources */,
			);
			runOnlyForDeploymentPostprocessing = 0;
		};
		1847767E2B88A30B00B99A9F /* Sources */ = {
			isa = PBXSourcesBuildPhase;
			buildActionMask = 2147483647;
			files = (
				184776872B88A30B00B99A9F /* StarGazrTests.swift in Sources */,
			);
			runOnlyForDeploymentPostprocessing = 0;
		};
		184776882B88A30B00B99A9F /* Sources */ = {
			isa = PBXSourcesBuildPhase;
			buildActionMask = 2147483647;
			files = (
				184776932B88A30B00B99A9F /* StarGazrUITestsLaunchTests.swift in Sources */,
				184776912B88A30B00B99A9F /* StarGazrUITests.swift in Sources */,
			);
			runOnlyForDeploymentPostprocessing = 0;
		};
/* End PBXSourcesBuildPhase section */

/* Begin PBXTargetDependency section */
		184776842B88A30B00B99A9F /* PBXTargetDependency */ = {
			isa = PBXTargetDependency;
			target = 184776712B88A30A00B99A9F /* StarGazr */;
			targetProxy = 184776832B88A30B00B99A9F /* PBXContainerItemProxy */;
		};
		1847768E2B88A30B00B99A9F /* PBXTargetDependency */ = {
			isa = PBXTargetDependency;
			target = 184776712B88A30A00B99A9F /* StarGazr */;
			targetProxy = 1847768D2B88A30B00B99A9F /* PBXContainerItemProxy */;
		};
/* End PBXTargetDependency section */

/* Begin XCBuildConfiguration section */
		184776942B88A30B00B99A9F /* Debug */ = {
			isa = XCBuildConfiguration;
			buildSettings = {
				ALWAYS_SEARCH_USER_PATHS = NO;
				ASSETCATALOG_COMPILER_GENERATE_SWIFT_ASSET_SYMBOL_EXTENSIONS = YES;
				CLANG_ANALYZER_NONNULL = YES;
				CLANG_ANALYZER_NUMBER_OBJECT_CONVERSION = YES_AGGRESSIVE;
				CLANG_CXX_LANGUAGE_STANDARD = "gnu++20";
				CLANG_ENABLE_MODULES = YES;
				CLANG_ENABLE_OBJC_ARC = YES;
				CLANG_ENABLE_OBJC_WEAK = YES;
				CLANG_WARN_BLOCK_CAPTURE_AUTORELEASING = YES;
				CLANG_WARN_BOOL_CONVERSION = YES;
				CLANG_WARN_COMMA = YES;
				CLANG_WARN_CONSTANT_CONVERSION = YES;
				CLANG_WARN_DEPRECATED_OBJC_IMPLEMENTATIONS = YES;
				CLANG_WARN_DIRECT_OBJC_ISA_USAGE = YES_ERROR;
				CLANG_WARN_DOCUMENTATION_COMMENTS = YES;
				CLANG_WARN_EMPTY_BODY = YES;
				CLANG_WARN_ENUM_CONVERSION = YES;
				CLANG_WARN_INFINITE_RECURSION = YES;
				CLANG_WARN_INT_CONVERSION = YES;
				CLANG_WARN_NON_LITERAL_NULL_CONVERSION = YES;
				CLANG_WARN_OBJC_IMPLICIT_RETAIN_SELF = YES;
				CLANG_WARN_OBJC_LITERAL_CONVERSION = YES;
				CLANG_WARN_OBJC_ROOT_CLASS = YES_ERROR;
				CLANG_WARN_QUOTED_INCLUDE_IN_FRAMEWORK_HEADER = YES;
				CLANG_WARN_RANGE_LOOP_ANALYSIS = YES;
				CLANG_WARN_STRICT_PROTOTYPES = YES;
				CLANG_WARN_SUSPICIOUS_MOVE = YES;
				CLANG_WARN_UNGUARDED_AVAILABILITY = YES_AGGRESSIVE;
				CLANG_WARN_UNREACHABLE_CODE = YES;
				CLANG_WARN__DUPLICATE_METHOD_MATCH = YES;
				COPY_PHASE_STRIP = NO;
				DEBUG_INFORMATION_FORMAT = dwarf;
				ENABLE_STRICT_OBJC_MSGSEND = YES;
				ENABLE_TESTABILITY = YES;
				ENABLE_USER_SCRIPT_SANDBOXING = YES;
				GCC_C_LANGUAGE_STANDARD = gnu17;
				GCC_DYNAMIC_NO_PIC = NO;
				GCC_NO_COMMON_BLOCKS = YES;
				GCC_OPTIMIZATION_LEVEL = 0;
				GCC_PREPROCESSOR_DEFINITIONS = (
					"DEBUG=1",
					"$(inherited)",
				);
				GCC_WARN_64_TO_32_BIT_CONVERSION = YES;
				GCC_WARN_ABOUT_RETURN_TYPE = YES_ERROR;
				GCC_WARN_UNDECLARED_SELECTOR = YES;
				GCC_WARN_UNINITIALIZED_AUTOS = YES_AGGRESSIVE;
				GCC_WARN_UNUSED_FUNCTION = YES;
				GCC_WARN_UNUSED_VARIABLE = YES;
				IPHONEOS_DEPLOYMENT_TARGET = 17.2;
				LOCALIZATION_PREFERS_STRING_CATALOGS = YES;
				MTL_ENABLE_DEBUG_INFO = INCLUDE_SOURCE;
				MTL_FAST_MATH = YES;
				ONLY_ACTIVE_ARCH = YES;
				SDKROOT = iphoneos;
				SWIFT_ACTIVE_COMPILATION_CONDITIONS = "DEBUG $(inherited)";
				SWIFT_OPTIMIZATION_LEVEL = "-Onone";
			};
			name = Debug;
		};
		184776952B88A30B00B99A9F /* Release */ = {
			isa = XCBuildConfiguration;
			buildSettings = {
				ALWAYS_SEARCH_USER_PATHS = NO;
				ASSETCATALOG_COMPILER_GENERATE_SWIFT_ASSET_SYMBOL_EXTENSIONS = YES;
				CLANG_ANALYZER_NONNULL = YES;
				CLANG_ANALYZER_NUMBER_OBJECT_CONVERSION = YES_AGGRESSIVE;
				CLANG_CXX_LANGUAGE_STANDARD = "gnu++20";
				CLANG_ENABLE_MODULES = YES;
				CLANG_ENABLE_OBJC_ARC = YES;
				CLANG_ENABLE_OBJC_WEAK = YES;
				CLANG_WARN_BLOCK_CAPTURE_AUTORELEASING = YES;
				CLANG_WARN_BOOL_CONVERSION = YES;
				CLANG_WARN_COMMA = YES;
				CLANG_WARN_CONSTANT_CONVERSION = YES;
				CLANG_WARN_DEPRECATED_OBJC_IMPLEMENTATIONS = YES;
				CLANG_WARN_DIRECT_OBJC_ISA_USAGE = YES_ERROR;
				CLANG_WARN_DOCUMENTATION_COMMENTS = YES;
				CLANG_WARN_EMPTY_BODY = YES;
				CLANG_WARN_ENUM_CONVERSION = YES;
				CLANG_WARN_INFINITE_RECURSION = YES;
				CLANG_WARN_INT_CONVERSION = YES;
				CLANG_WARN_NON_LITERAL_NULL_CONVERSION = YES;
				CLANG_WARN_OBJC_IMPLICIT_RETAIN_SELF = YES;
				CLANG_WARN_OBJC_LITERAL_CONVERSION = YES;
				CLANG_WARN_OBJC_ROOT_CLASS = YES_ERROR;
				CLANG_WARN_QUOTED_INCLUDE_IN_FRAMEWORK_HEADER = YES;
				CLANG_WARN_RANGE_LOOP_ANALYSIS = YES;
				CLANG_WARN_STRICT_PROTOTYPES = YES;
				CLANG_WARN_SUSPICIOUS_MOVE = YES;
				CLANG_WARN_UNGUARDED_AVAILABILITY = YES_AGGRESSIVE;
				CLANG_WARN_UNREACHABLE_CODE = YES;
				CLANG_WARN__DUPLICATE_METHOD_MATCH = YES;
				COPY_PHASE_STRIP = NO;
				DEBUG_INFORMATION_FORMAT = "dwarf-with-dsym";
				ENABLE_NS_ASSERTIONS = NO;
				ENABLE_STRICT_OBJC_MSGSEND = YES;
				ENABLE_USER_SCRIPT_SANDBOXING = YES;
				GCC_C_LANGUAGE_STANDARD = gnu17;
				GCC_NO_COMMON_BLOCKS = YES;
				GCC_WARN_64_TO_32_BIT_CONVERSION = YES;
				GCC_WARN_ABOUT_RETURN_TYPE = YES_ERROR;
				GCC_WARN_UNDECLARED_SELECTOR = YES;
				GCC_WARN_UNINITIALIZED_AUTOS = YES_AGGRESSIVE;
				GCC_WARN_UNUSED_FUNCTION = YES;
				GCC_WARN_UNUSED_VARIABLE = YES;
				IPHONEOS_DEPLOYMENT_TARGET = 17.2;
				LOCALIZATION_PREFERS_STRING_CATALOGS = YES;
				MTL_ENABLE_DEBUG_INFO = NO;
				MTL_FAST_MATH = YES;
				SDKROOT = iphoneos;
				SWIFT_COMPILATION_MODE = wholemodule;
				VALIDATE_PRODUCT = YES;
			};
			name = Release;
		};
		184776972B88A30B00B99A9F /* Debug */ = {
			isa = XCBuildConfiguration;
			buildSettings = {
				ASSETCATALOG_COMPILER_APPICON_NAME = AppIcon;
				ASSETCATALOG_COMPILER_GLOBAL_ACCENT_COLOR_NAME = AccentColor;
				CODE_SIGN_STYLE = Automatic;
				CURRENT_PROJECT_VERSION = 1;
				DEVELOPMENT_ASSET_PATHS = "\"StarGazr/Preview Content\"";
				ENABLE_PREVIEWS = YES;
				GENERATE_INFOPLIST_FILE = YES;
				INFOPLIST_KEY_UIApplicationSceneManifest_Generation = YES;
				INFOPLIST_KEY_UIApplicationSupportsIndirectInputEvents = YES;
				INFOPLIST_KEY_UILaunchScreen_Generation = YES;
				INFOPLIST_KEY_UISupportedInterfaceOrientations_iPad = "UIInterfaceOrientationPortrait UIInterfaceOrientationPortraitUpsideDown UIInterfaceOrientationLandscapeLeft UIInterfaceOrientationLandscapeRight";
				INFOPLIST_KEY_UISupportedInterfaceOrientations_iPhone = "UIInterfaceOrientationPortrait UIInterfaceOrientationLandscapeLeft UIInterfaceOrientationLandscapeRight";
				LD_RUNPATH_SEARCH_PATHS = (
					"$(inherited)",
					"@executable_path/Frameworks",
				);
				MARKETING_VERSION = 1.0;
				PRODUCT_BUNDLE_IDENTIFIER = coolemannen.StarGazr;
				PRODUCT_NAME = "$(TARGET_NAME)";
				SWIFT_EMIT_LOC_STRINGS = YES;
				SWIFT_VERSION = 5.0;
				TARGETED_DEVICE_FAMILY = "1,2";
			};
			name = Debug;
		};
		184776982B88A30B00B99A9F /* Release */ = {
			isa = XCBuildConfiguration;
			buildSettings = {
				ASSETCATALOG_COMPILER_APPICON_NAME = AppIcon;
				ASSETCATALOG_COMPILER_GLOBAL_ACCENT_COLOR_NAME = AccentColor;
				CODE_SIGN_STYLE = Automatic;
				CURRENT_PROJECT_VERSION = 1;
				DEVELOPMENT_ASSET_PATHS = "\"StarGazr/Preview Content\"";
				ENABLE_PREVIEWS = YES;
				GENERATE_INFOPLIST_FILE = YES;
				INFOPLIST_KEY_UIApplicationSceneManifest_Generation = YES;
				INFOPLIST_KEY_UIApplicationSupportsIndirectInputEvents = YES;
				INFOPLIST_KEY_UILaunchScreen_Generation = YES;
				INFOPLIST_KEY_UISupportedInterfaceOrientations_iPad = "UIInterfaceOrientationPortrait UIInterfaceOrientationPortraitUpsideDown UIInterfaceOrientationLandscapeLeft UIInterfaceOrientationLandscapeRight";
				INFOPLIST_KEY_UISupportedInterfaceOrientations_iPhone = "UIInterfaceOrientationPortrait UIInterfaceOrientationLandscapeLeft UIInterfaceOrientationLandscapeRight";
				LD_RUNPATH_SEARCH_PATHS = (
					"$(inherited)",
					"@executable_path/Frameworks",
				);
				MARKETING_VERSION = 1.0;
				PRODUCT_BUNDLE_IDENTIFIER = coolemannen.StarGazr;
				PRODUCT_NAME = "$(TARGET_NAME)";
				SWIFT_EMIT_LOC_STRINGS = YES;
				SWIFT_VERSION = 5.0;
				TARGETED_DEVICE_FAMILY = "1,2";
			};
			name = Release;
		};
		1847769A2B88A30B00B99A9F /* Debug */ = {
			isa = XCBuildConfiguration;
			buildSettings = {
				ALWAYS_EMBED_SWIFT_STANDARD_LIBRARIES = YES;
				BUNDLE_LOADER = "$(TEST_HOST)";
				CODE_SIGN_STYLE = Automatic;
				CURRENT_PROJECT_VERSION = 1;
				GENERATE_INFOPLIST_FILE = YES;
				IPHONEOS_DEPLOYMENT_TARGET = 17.2;
				MARKETING_VERSION = 1.0;
				PRODUCT_BUNDLE_IDENTIFIER = coolemannen.StarGazrTests;
				PRODUCT_NAME = "$(TARGET_NAME)";
				SWIFT_EMIT_LOC_STRINGS = NO;
				SWIFT_VERSION = 5.0;
				TARGETED_DEVICE_FAMILY = "1,2";
				TEST_HOST = "$(BUILT_PRODUCTS_DIR)/StarGazr.app/$(BUNDLE_EXECUTABLE_FOLDER_PATH)/StarGazr";
			};
			name = Debug;
		};
		1847769B2B88A30B00B99A9F /* Release */ = {
			isa = XCBuildConfiguration;
			buildSettings = {
				ALWAYS_EMBED_SWIFT_STANDARD_LIBRARIES = YES;
				BUNDLE_LOADER = "$(TEST_HOST)";
				CODE_SIGN_STYLE = Automatic;
				CURRENT_PROJECT_VERSION = 1;
				GENERATE_INFOPLIST_FILE = YES;
				IPHONEOS_DEPLOYMENT_TARGET = 17.2;
				MARKETING_VERSION = 1.0;
				PRODUCT_BUNDLE_IDENTIFIER = coolemannen.StarGazrTests;
				PRODUCT_NAME = "$(TARGET_NAME)";
				SWIFT_EMIT_LOC_STRINGS = NO;
				SWIFT_VERSION = 5.0;
				TARGETED_DEVICE_FAMILY = "1,2";
				TEST_HOST = "$(BUILT_PRODUCTS_DIR)/StarGazr.app/$(BUNDLE_EXECUTABLE_FOLDER_PATH)/StarGazr";
			};
			name = Release;
		};
		1847769D2B88A30B00B99A9F /* Debug */ = {
			isa = XCBuildConfiguration;
			buildSettings = {
				ALWAYS_EMBED_SWIFT_STANDARD_LIBRARIES = YES;
				CODE_SIGN_STYLE = Automatic;
				CURRENT_PROJECT_VERSION = 1;
				GENERATE_INFOPLIST_FILE = YES;
				MARKETING_VERSION = 1.0;
				PRODUCT_BUNDLE_IDENTIFIER = coolemannen.StarGazrUITests;
				PRODUCT_NAME = "$(TARGET_NAME)";
				SWIFT_EMIT_LOC_STRINGS = NO;
				SWIFT_VERSION = 5.0;
				TARGETED_DEVICE_FAMILY = "1,2";
				TEST_TARGET_NAME = StarGazr;
			};
			name = Debug;
		};
		1847769E2B88A30B00B99A9F /* Release */ = {
			isa = XCBuildConfiguration;
			buildSettings = {
				ALWAYS_EMBED_SWIFT_STANDARD_LIBRARIES = YES;
				CODE_SIGN_STYLE = Automatic;
				CURRENT_PROJECT_VERSION = 1;
				GENERATE_INFOPLIST_FILE = YES;
				MARKETING_VERSION = 1.0;
				PRODUCT_BUNDLE_IDENTIFIER = coolemannen.StarGazrUITests;
				PRODUCT_NAME = "$(TARGET_NAME)";
				SWIFT_EMIT_LOC_STRINGS = NO;
				SWIFT_VERSION = 5.0;
				TARGETED_DEVICE_FAMILY = "1,2";
				TEST_TARGET_NAME = StarGazr;
			};
			name = Release;
		};
/* End XCBuildConfiguration section */

/* Begin XCConfigurationList section */
		1847766D2B88A30A00B99A9F /* Build configuration list for PBXProject "StarGazr" */ = {
			isa = XCConfigurationList;
			buildConfigurations = (
				184776942B88A30B00B99A9F /* Debug */,
				184776952B88A30B00B99A9F /* Release */,
			);
			defaultConfigurationIsVisible = 0;
			defaultConfigurationName = Release;
		};
		184776962B88A30B00B99A9F /* Build configuration list for PBXNativeTarget "StarGazr" */ = {
			isa = XCConfigurationList;
			buildConfigurations = (
				184776972B88A30B00B99A9F /* Debug */,
				184776982B88A30B00B99A9F /* Release */,
			);
			defaultConfigurationIsVisible = 0;
			defaultConfigurationName = Release;
		};
		184776992B88A30B00B99A9F /* Build configuration list for PBXNativeTarget "StarGazrTests" */ = {
			isa = XCConfigurationList;
			buildConfigurations = (
				1847769A2B88A30B00B99A9F /* Debug */,
				1847769B2B88A30B00B99A9F /* Release */,
			);
			defaultConfigurationIsVisible = 0;
			defaultConfigurationName = Release;
		};
		1847769C2B88A30B00B99A9F /* Build configuration list for PBXNativeTarget "StarGazrUITests" */ = {
			isa = XCConfigurationList;
			buildConfigurations = (
				1847769D2B88A30B00B99A9F /* Debug */,
				1847769E2B88A30B00B99A9F /* Release */,
			);
			defaultConfigurationIsVisible = 0;
			defaultConfigurationName = Release;
		};
/* End XCConfigurationList section */
	};
	rootObject = 1847766A2B88A30A00B99A9F /* Project object */;
}
